{
  "name": "laudo-tecnico-contabil",
  "version": "1.0.0",
  "lockfileVersion": 2,
  "requires": true,
  "packages": {
    "": {
      "name": "laudo-tecnico-contabil",
      "version": "1.0.0",
      "license": "MIT",
      "dependencies": {
        "serve": "^14.2.1"
      },
      "engines": {
        "node": ">=18.0.0"
      }
    }
  }
}
